
Microsoft Visual Studio Solution File, Format Version 11.00
# Visual Studio 2010
Project("{FAE04EC0-301F-11D3-BF4B-00C04F79EFBC}") = "Assembly-CSharp", "Assembly-CSharp.csproj", "{d3c3af8c-1596-1674-eabe-1632a8da517d}"
EndProject
Project("{FAE04EC0-301F-11D3-BF4B-00C04F79EFBC}") = "Assembly-CSharp-Editor", "Assembly-CSharp-Editor.csproj", "{dad7e0f7-1d93-2602-ab12-5de93ed10456}"
EndProject
Global
	GlobalSection(SolutionConfigurationPlatforms) = preSolution
		Debug|Any CPU = Debug|Any CPU
		Release|Any CPU = Release|Any CPU
	EndGlobalSection
	GlobalSection(ProjectConfigurationPlatforms) = postSolution
		{d3c3af8c-1596-1674-eabe-1632a8da517d}.Debug|Any CPU.ActiveCfg = Debug|Any CPU
		{d3c3af8c-1596-1674-eabe-1632a8da517d}.Debug|Any CPU.Build.0 = Debug|Any CPU
		{d3c3af8c-1596-1674-eabe-1632a8da517d}.Release|Any CPU.ActiveCfg = Release|Any CPU
		{d3c3af8c-1596-1674-eabe-1632a8da517d}.Release|Any CPU.Build.0 = Release|Any CPU
		{dad7e0f7-1d93-2602-ab12-5de93ed10456}.Debug|Any CPU.ActiveCfg = Debug|Any CPU
		{dad7e0f7-1d93-2602-ab12-5de93ed10456}.Debug|Any CPU.Build.0 = Debug|Any CPU
		{dad7e0f7-1d93-2602-ab12-5de93ed10456}.Release|Any CPU.ActiveCfg = Release|Any CPU
		{dad7e0f7-1d93-2602-ab12-5de93ed10456}.Release|Any CPU.Build.0 = Release|Any CPU
	EndGlobalSection
	GlobalSection(SolutionProperties) = preSolution
		HideSolutionNode = FALSE
	EndGlobalSection
EndGlobal
